// !$*UTF8*$!
{
	archiveVersion = 1;
	classes = {
	};
	objectVersion = 46;
	objects = {

/* Begin PBXBuildFile section */
		652E3F481BEF8ED500514B90 /* AppDelegate.swift in Sources */ = {isa = PBXBuildFile; fileRef = 652E3F471BEF8ED500514B90 /* AppDelegate.swift */; };
		652E3F4A1BEF8ED500514B90 /* ViewController.swift in Sources */ = {isa = PBXBuildFile; fileRef = 652E3F491BEF8ED500514B90 /* ViewController.swift */; };
		652E3F4D1BEF8ED500514B90 /* Main.storyboard in Resources */ = {isa = PBXBuildFile; fileRef = 652E3F4B1BEF8ED500514B90 /* Main.storyboard */; };
		652E3F4F1BEF8ED500514B90 /* Assets.xcassets in Resources */ = {isa = PBXBuildFile; fileRef = 652E3F4E1BEF8ED500514B90 /* Assets.xcassets */; };
		652E3F521BEF8ED500514B90 /* LaunchScreen.storyboard in Resources */ = {isa = PBXBuildFile; fileRef = 652E3F501BEF8ED500514B90 /* LaunchScreen.storyboard */; };
		652E3F5D1BEF8ED500514B90 /* SuperCoolTests.swift in Sources */ = {isa = PBXBuildFile; fileRef = 652E3F5C1BEF8ED500514B90 /* SuperCoolTests.swift */; };
		652E3F681BEF8ED500514B90 /* SuperCoolUITests.swift in Sources */ = {isa = PBXBuildFile; fileRef = 652E3F671BEF8ED500514B90 /* SuperCoolUITests.swift */; };
/* End PBXBuildFile section */

/* Begin PBXContainerItemProxy section */
		652E3F591BEF8ED500514B90 /* PBXContainerItemProxy */ = {
			isa = PBXContainerItemProxy;
			containerPortal = 652E3F3C1BEF8ED500514B90 /* Project object */;
			proxyType = 1;
			remoteGlobalIDString = 652E3F431BEF8ED500514B90;
			remoteInfo = SuperCool;
		};
		652E3F641BEF8ED500514B90 /* PBXContainerItemProxy */ = {
			isa = PBXContainerItemProxy;
			containerPortal = 652E3F3C1BEF8ED500514B90 /* Project object */;
			proxyType = 1;
			remoteGlobalIDString = 652E3F431BEF8ED500514B90;
			remoteInfo = SuperCool;
		};
/* End PBXContainerItemProxy section */

/* Begin PBXFileReference section */
		652E3F441BEF8ED500514B90 /* SuperCool.app */ = {isa = PBXFileReference; explicitFileType = wrapper.application; includeInIndex = 0; path = SuperCool.app; sourceTree = BUILT_PRODUCTS_DIR; };
		652E3F471BEF8ED500514B90 /* AppDelegate.swift */ = {isa = PBXFileReference; lastKnownFileType = sourcecode.swift; path = AppDelegate.swift; sourceTree = "<group>"; };
		652E3F491BEF8ED500514B90 /* ViewController.swift */ = {isa = PBXFileReference; lastKnownFileType = sourcecode.swift; path = ViewController.swift; sourceTree = "<group>"; };
		652E3F4C1BEF8ED500514B90 /* Base */ = {isa = PBXFileReference; lastKnownFileType = file.storyboard; name = Base; path = Base.lproj/Main.storyboard; sourceTree = "<group>"; };
		652E3F4E1BEF8ED500514B90 /* Assets.xcassets */ = {isa = PBXFileReference; lastKnownFileType = folder.assetcatalog; path = Assets.xcassets; sourceTree = "<group>"; };
		652E3F511BEF8ED500514B90 /* Base */ = {isa = PBXFileReference; lastKnownFileType = file.storyboard; name = Base; path = Base.lproj/LaunchScreen.storyboard; sourceTree = "<group>"; };
		652E3F531BEF8ED500514B90 /* Info.plist */ = {isa = PBXFileReference; lastKnownFileType = text.plist.xml; path = Info.plist; sourceTree = "<group>"; };
		652E3F581BEF8ED500514B90 /* SuperCoolTests.xctest */ = {isa = PBXFileReference; explicitFileType = wrapper.cfbundle; includeInIndex = 0; path = SuperCoolTests.xctest; sourceTree = BUILT_PRODUCTS_DIR; };
		652E3F5C1BEF8ED500514B90 /* SuperCoolTests.swift */ = {isa = PBXFileReference; lastKnownFileType = sourcecode.swift; path = SuperCoolTests.swift; sourceTree = "<group>"; };
		652E3F5E1BEF8ED500514B90 /* Info.plist */ = {isa = PBXFileReference; lastKnownFileType = text.plist.xml; path = Info.plist; sourceTree = "<group>"; };
		652E3F631BEF8ED500514B90 /* SuperCoolUITests.xctest */ = {isa = PBXFileReference; explicitFileType = wrapper.cfbundle; includeInIndex = 0; path = SuperCoolUITests.xctest; sourceTree = BUILT_PRODUCTS_DIR; };
		652E3F671BEF8ED500514B90 /* SuperCoolUITests.swift */ = {isa = PBXFileReference; lastKnownFileType = sourcecode.swift; path = SuperCoolUITests.swift; sourceTree = "<group>"; };
		652E3F691BEF8ED500514B90 /* Info.plist */ = {isa = PBXFileReference; lastKnownFileType = text.plist.xml; path = Info.plist; sourceTree = "<group>"; };
/* End PBXFileReference section */

/* Begin PBXFrameworksBuildPhase section */
		652E3F411BEF8ED500514B90 /* Frameworks */ = {
			isa = PBXFrameworksBuildPhase;
			buildActionMask = 2147483647;
			files = (
			);
			runOnlyForDeploymentPostprocessing = 0;
		};
		652E3F551BEF8ED500514B90 /* Frameworks */ = {
			isa = PBXFrameworksBuildPhase;
			buildActionMask = 2147483647;
			files = (
			);
			runOnlyForDeploymentPostprocessing = 0;
		};
		652E3F601BEF8ED500514B90 /* Frameworks */ = {
			isa = PBXFrameworksBuildPhase;
			buildActionMask = 2147483647;
			files = (
			);
			runOnlyForDeploymentPostprocessing = 0;
		};
/* End PBXFrameworksBuildPhase section */

/* Begin PBXGroup section */
		652E3F3B1BEF8ED500514B90 = {
			isa = PBXGroup;
			children = (
				652E3F461BEF8ED500514B90 /* SuperCool */,
				652E3F5B1BEF8ED500514B90 /* SuperCoolTests */,
				652E3F661BEF8ED500514B90 /* SuperCoolUITests */,
				652E3F451BEF8ED500514B90 /* Products */,
			);
			sourceTree = "<group>";
		};
		652E3F451BEF8ED500514B90 /* Products */ = {
			isa = PBXGroup;
			children = (
				652E3F441BEF8ED500514B90 /* SuperCool.app */,
				652E3F581BEF8ED500514B90 /* SuperCoolTests.xctest */,
				652E3F631BEF8ED500514B90 /* SuperCoolUITests.xctest */,
			);
			name = Products;
			sourceTree = "<group>";
		};
		652E3F461BEF8ED500514B90 /* SuperCool */ = {
			isa = PBXGroup;
			children = (
				652E3F471BEF8ED500514B90 /* AppDelegate.swift */,
				652E3F491BEF8ED500514B90 /* ViewController.swift */,
				652E3F4B1BEF8ED500514B90 /* Main.storyboard */,
				652E3F4E1BEF8ED500514B90 /* Assets.xcassets */,
				652E3F501BEF8ED500514B90 /* LaunchScreen.storyboard */,
				652E3F531BEF8ED500514B90 /* Info.plist */,
			);
			path = SuperCool;
			sourceTree = "<group>";
		};
		652E3F5B1BEF8ED500514B90 /* SuperCoolTests */ = {
			isa = PBXGroup;
			children = (
				652E3F5C1BEF8ED500514B90 /* SuperCoolTests.swift */,
				652E3F5E1BEF8ED500514B90 /* Info.plist */,
			);
			path = SuperCoolTests;
			sourceTree = "<group>";
		};
		652E3F661BEF8ED500514B90 /* SuperCoolUITests */ = {
			isa = PBXGroup;
			children = (
				652E3F671BEF8ED500514B90 /* SuperCoolUITests.swift */,
				652E3F691BEF8ED500514B90 /* Info.plist */,
			);
			path = SuperCoolUITests;
			sourceTree = "<group>";
		};
/* End PBXGroup section */

/* Begin PBXNativeTarget section */
		652E3F431BEF8ED500514B90 /* SuperCool */ = {
			isa = PBXNativeTarget;
			buildConfigurationList = 652E3F6C1BEF8ED500514B90 /* Build configuration list for PBXNativeTarget "SuperCool" */;
			buildPhases = (
				652E3F401BEF8ED500514B90 /* Sources */,
				652E3F411BEF8ED500514B90 /* Frameworks */,
				652E3F421BEF8ED500514B90 /* Resources */,
			);
			buildRules = (
			);
			dependencies = (
			);
			name = SuperCool;
			productName = SuperCool;
			productReference = 652E3F441BEF8ED500514B90 /* SuperCool.app */;
			productType = "com.apple.product-type.application";
		};
		652E3F571BEF8ED500514B90 /* SuperCoolTests */ = {
			isa = PBXNativeTarget;
			buildConfigurationList = 652E3F6F1BEF8ED500514B90 /* Build configuration list for PBXNativeTarget "SuperCoolTests" */;
			buildPhases = (
				652E3F541BEF8ED500514B90 /* Sources */,
				652E3F551BEF8ED500514B90 /* Frameworks */,
				652E3F561BEF8ED500514B90 /* Resources */,
			);
			buildRules = (
			);
			dependencies = (
				652E3F5A1BEF8ED500514B90 /* PBXTargetDependency */,
			);
			name = SuperCoolTests;
			productName = SuperCoolTests;
			productReference = 652E3F581BEF8ED500514B90 /* SuperCoolTests.xctest */;
			productType = "com.apple.product-type.bundle.unit-test";
		};
		652E3F621BEF8ED500514B90 /* SuperCoolUITests */ = {
			isa = PBXNativeTarget;
			buildConfigurationList = 652E3F721BEF8ED500514B90 /* Build configuration list for PBXNativeTarget "SuperCoolUITests" */;
			buildPhases = (
				652E3F5F1BEF8ED500514B90 /* Sources */,
				652E3F601BEF8ED500514B90 /* Frameworks */,
				652E3F611BEF8ED500514B90 /* Resources */,
			);
			buildRules = (
			);
			dependencies = (
				652E3F651BEF8ED500514B90 /* PBXTargetDependency */,
			);
			name = SuperCoolUITests;
			productName = SuperCoolUITests;
			productReference = 652E3F631BEF8ED500514B90 /* SuperCoolUITests.xctest */;
			productType = "com.apple.product-type.bundle.ui-testing";
		};
/* End PBXNativeTarget section */

/* Begin PBXProject section */
		652E3F3C1BEF8ED500514B90 /* Project object */ = {
			isa = PBXProject;
			attributes = {
				LastSwiftUpdateCheck = 0710;
				LastUpgradeCheck = 0710;
				ORGANIZATIONNAME = dcalderonv;
				TargetAttributes = {
					652E3F431BEF8ED500514B90 = {
						CreatedOnToolsVersion = 7.1;
					};
					652E3F571BEF8ED500514B90 = {
						CreatedOnToolsVersion = 7.1;
						TestTargetID = 652E3F431BEF8ED500514B90;
					};
					652E3F621BEF8ED500514B90 = {
						CreatedOnToolsVersion = 7.1;
						TestTargetID = 652E3F431BEF8ED500514B90;
					};
				};
			};
			buildConfigurationList = 652E3F3F1BEF8ED500514B90 /* Build configuration list for PBXProject "SuperCool" */;
			compatibilityVersion = "Xcode 3.2";
			developmentRegion = English;
			hasScannedForEncodings = 0;
			knownRegions = (
				en,
				Base,
			);
			mainGroup = 652E3F3B1BEF8ED500514B90;
			productRefGroup = 652E3F451BEF8ED500514B90 /* Products */;
			projectDirPath = "";
			projectRoot = "";
			targets = (
				652E3F431BEF8ED500514B90 /* SuperCool */,
				652E3F571BEF8ED500514B90 /* SuperCoolTests */,
				652E3F621BEF8ED500514B90 /* SuperCoolUITests */,
			);
		};
/* End PBXProject section */

/* Begin PBXResourcesBuildPhase section */
		652E3F421BEF8ED500514B90 /* Resources */ = {
			isa = PBXResourcesBuildPhase;
			buildActionMask = 2147483647;
			files = (
				652E3F521BEF8ED500514B90 /* LaunchScreen.storyboard in Resources */,
				652E3F4F1BEF8ED500514B90 /* Assets.xcassets in Resources */,
				652E3F4D1BEF8ED500514B90 /* Main.storyboard in Resources */,
			);
			runOnlyForDeploymentPostprocessing = 0;
		};
		652E3F561BEF8ED500514B90 /* Resources */ = {
			isa = PBXResourcesBuildPhase;
			buildActionMask = 2147483647;
			files = (
			);
			runOnlyForDeploymentPostprocessing = 0;
		};
		652E3F611BEF8ED500514B90 /* Resources */ = {
			isa = PBXResourcesBuildPhase;
			buildActionMask = 2147483647;
			files = (
			);
			runOnlyForDeploymentPostprocessing = 0;
		};
/* End PBXResourcesBuildPhase section */

/* Begin PBXSourcesBuildPhase section */
		652E3F401BEF8ED500514B90 /* Sources */ = {
			isa = PBXSourcesBuildPhase;
			buildActionMask = 2147483647;
			files = (
				652E3F4A1BEF8ED500514B90 /* ViewController.swift in Sources */,
				652E3F481BEF8ED500514B90 /* AppDelegate.swift in Sources */,
			);
			runOnlyForDeploymentPostprocessing = 0;
		};
		652E3F541BEF8ED500514B90 /* Sources */ = {
			isa = PBXSourcesBuildPhase;
			buildActionMask = 2147483647;
			files = (
				652E3F5D1BEF8ED500514B90 /* SuperCoolTests.swift in Sources */,
			);
			runOnlyForDeploymentPostprocessing = 0;
		};
		652E3F5F1BEF8ED500514B90 /* Sources */ = {
			isa = PBXSourcesBuildPhase;
			buildActionMask = 2147483647;
			files = (
				652E3F681BEF8ED500514B90 /* SuperCoolUITests.swift in Sources */,
			);
			runOnlyForDeploymentPostprocessing = 0;
		};
/* End PBXSourcesBuildPhase section */

/* Begin PBXTargetDependency section */
		652E3F5A1BEF8ED500514B90 /* PBXTargetDependency */ = {
			isa = PBXTargetDependency;
			target = 652E3F431BEF8ED500514B90 /* SuperCool */;
			targetProxy = 652E3F591BEF8ED500514B90 /* PBXContainerItemProxy */;
		};
		652E3F651BEF8ED500514B90 /* PBXTargetDependency */ = {
			isa = PBXTargetDependency;
			target = 652E3F431BEF8ED500514B90 /* SuperCool */;
			targetProxy = 652E3F641BEF8ED500514B90 /* PBXContainerItemProxy */;
		};
/* End PBXTargetDependency section */

/* Begin PBXVariantGroup section */
		652E3F4B1BEF8ED500514B90 /* Main.storyboard */ = {
			isa = PBXVariantGroup;
			children = (
				652E3F4C1BEF8ED500514B90 /* Base */,
			);
			name = Main.storyboard;
			sourceTree = "<group>";
		};
		652E3F501BEF8ED500514B90 /* LaunchScreen.storyboard */ = {
			isa = PBXVariantGroup;
			children = (
				652E3F511BEF8ED500514B90 /* Base */,
			);
			name = LaunchScreen.storyboard;
			sourceTree = "<group>";
		};
/* End PBXVariantGroup section */

/* Begin XCBuildConfiguration section */
		652E3F6A1BEF8ED500514B90 /* Debug */ = {
			isa = XCBuildConfiguration;
			buildSettings = {
				ALWAYS_SEARCH_USER_PATHS = NO;
				CLANG_CXX_LANGUAGE_STANDARD = "gnu++0x";
				CLANG_CXX_LIBRARY = "libc++";
				CLANG_ENABLE_MODULES = YES;
				CLANG_ENABLE_OBJC_ARC = YES;
				CLANG_WARN_BOOL_CONVERSION = YES;
				CLANG_WARN_CONSTANT_CONVERSION = YES;
				CLANG_WARN_DIRECT_OBJC_ISA_USAGE = YES_ERROR;
				CLANG_WARN_EMPTY_BODY = YES;
				CLANG_WARN_ENUM_CONVERSION = YES;
				CLANG_WARN_INT_CONVERSION = YES;
				CLANG_WARN_OBJC_ROOT_CLASS = YES_ERROR;
				CLANG_WARN_UNREACHABLE_CODE = YES;
				CLANG_WARN__DUPLICATE_METHOD_MATCH = YES;
				"CODE_SIGN_IDENTITY[sdk=iphoneos*]" = "iPhone Developer";
				COPY_PHASE_STRIP = NO;
				DEBUG_INFORMATION_FORMAT = dwarf;
				ENABLE_STRICT_OBJC_MSGSEND = YES;
				ENABLE_TESTABILITY = YES;
				GCC_C_LANGUAGE_STANDARD = gnu99;
				GCC_DYNAMIC_NO_PIC = NO;
				GCC_NO_COMMON_BLOCKS = YES;
				GCC_OPTIMIZATION_LEVEL = 0;
				GCC_PREPROCESSOR_DEFINITIONS = (
					"DEBUG=1",
					"$(inherited)",
				);
				GCC_WARN_64_TO_32_BIT_CONVERSION = YES;
				GCC_WARN_ABOUT_RETURN_TYPE = YES_ERROR;
				GCC_WARN_UNDECLARED_SELECTOR = YES;
				GCC_WARN_UNINITIALIZED_AUTOS = YES_AGGRESSIVE;
				GCC_WARN_UNUSED_FUNCTION = YES;
				GCC_WARN_UNUSED_VARIABLE = YES;
				IPHONEOS_DEPLOYMENT_TARGET = 9.1;
				MTL_ENABLE_DEBUG_INFO = YES;
				ONLY_ACTIVE_ARCH = YES;
				SDKROOT = iphoneos;
				SWIFT_OPTIMIZATION_LEVEL = "-Onone";
			};
			name = Debug;
		};
		652E3F6B1BEF8ED500514B90 /* Release */ = {
			isa = XCBuildConfiguration;
			buildSettings = {
				ALWAYS_SEARCH_USER_PATHS = NO;
				CLANG_CXX_LANGUAGE_STANDARD = "gnu++0x";
				CLANG_CXX_LIBRARY = "libc++";
				CLANG_ENABLE_MODULES = YES;
				CLANG_ENABLE_OBJC_ARC = YES;
				CLANG_WARN_BOOL_CONVERSION = YES;
				CLANG_WARN_CONSTANT_CONVERSION = YES;
				CLANG_WARN_DIRECT_OBJC_ISA_USAGE = YES_ERROR;
				CLANG_WARN_EMPTY_BODY = YES;
				CLANG_WARN_ENUM_CONVERSION = YES;
				CLANG_WARN_INT_CONVERSION = YES;
				CLANG_WARN_OBJC_ROOT_CLASS = YES_ERROR;
				CLANG_WARN_UNREACHABLE_CODE = YES;
				CLANG_WARN__DUPLICATE_METHOD_MATCH = YES;
				"CODE_SIGN_IDENTITY[sdk=iphoneos*]" = "iPhone Developer";
				COPY_PHASE_STRIP = NO;
				DEBUG_INFORMATION_FORMAT = "dwarf-with-dsym";
				ENABLE_NS_ASSERTIONS = NO;
				ENABLE_STRICT_OBJC_MSGSEND = YES;
				GCC_C_LANGUAGE_STANDARD = gnu99;
				GCC_NO_COMMON_BLOCKS = YES;
				GCC_WARN_64_TO_32_BIT_CONVERSION = YES;
				GCC_WARN_ABOUT_RETURN_TYPE = YES_ERROR;
				GCC_WARN_UNDECLARED_SELECTOR = YES;
				GCC_WARN_UNINITIALIZED_AUTOS = YES_AGGRESSIVE;
				GCC_WARN_UNUSED_FUNCTION = YES;
				GCC_WARN_UNUSED_VARIABLE = YES;
				IPHONEOS_DEPLOYMENT_TARGET = 9.1;
				MTL_ENABLE_DEBUG_INFO = NO;
				SDKROOT = iphoneos;
				VALIDATE_PRODUCT = YES;
			};
			name = Release;
		};
		652E3F6D1BEF8ED500514B90 /* Debug */ = {
			isa = XCBuildConfiguration;
			buildSettings = {
				ASSETCATALOG_COMPILER_APPICON_NAME = AppIcon;
				INFOPLIST_FILE = SuperCool/Info.plist;
				LD_RUNPATH_SEARCH_PATHS = "$(inherited) @executable_path/Frameworks";
				PRODUCT_BUNDLE_IDENTIFIER = co.dcalderonv.SuperCool;
				PRODUCT_NAME = "$(TARGET_NAME)";
			};
			name = Debug;
		};
		652E3F6E1BEF8ED500514B90 /* Release */ = {
			isa = XCBuildConfiguration;
			buildSettings = {
				ASSETCATALOG_COMPILER_APPICON_NAME = AppIcon;
				INFOPLIST_FILE = SuperCool/Info.plist;
				LD_RUNPATH_SEARCH_PATHS = "$(inherited) @executable_path/Frameworks";
				PRODUCT_BUNDLE_IDENTIFIER = co.dcalderonv.SuperCool;
				PRODUCT_NAME = "$(TARGET_NAME)";
			};
			name = Release;
		};
		652E3F701BEF8ED500514B90 /* Debug */ = {
			isa = XCBuildConfiguration;
			buildSettings = {
				BUNDLE_LOADER = "$(TEST_HOST)";
				INFOPLIST_FILE = SuperCoolTests/Info.plist;
				LD_RUNPATH_SEARCH_PATHS = "$(inherited) @executable_path/Frameworks @loader_path/Frameworks";
				PRODUCT_BUNDLE_IDENTIFIER = co.dcalderonv.SuperCoolTests;
				PRODUCT_NAME = "$(TARGET_NAME)";
				TEST_HOST = "$(BUILT_PRODUCTS_DIR)/SuperCool.app/SuperCool";
			};
			name = Debug;
		};
		652E3F711BEF8ED500514B90 /* Release */ = {
			isa = XCBuildConfiguration;
			buildSettings = {
				BUNDLE_LOADER = "$(TEST_HOST)";
				INFOPLIST_FILE = SuperCoolTests/Info.plist;
				LD_RUNPATH_SEARCH_PATHS = "$(inherited) @executable_path/Frameworks @loader_path/Frameworks";
				PRODUCT_BUNDLE_IDENTIFIER = co.dcalderonv.SuperCoolTests;
				PRODUCT_NAME = "$(TARGET_NAME)";
				TEST_HOST = "$(BUILT_PRODUCTS_DIR)/SuperCool.app/SuperCool";
			};
			name = Release;
		};
		652E3F731BEF8ED500514B90 /* Debug */ = {
			isa = XCBuildConfiguration;
			buildSettings = {
				INFOPLIST_FILE = SuperCoolUITests/Info.plist;
				LD_RUNPATH_SEARCH_PATHS = "$(inherited) @executable_path/Frameworks @loader_path/Frameworks";
				PRODUCT_BUNDLE_IDENTIFIER = co.dcalderonv.SuperCoolUITests;
				PRODUCT_NAME = "$(TARGET_NAME)";
				TEST_TARGET_NAME = SuperCool;
				USES_XCTRUNNER = YES;
			};
			name = Debug;
		};
		652E3F741BEF8ED500514B90 /* Release */ = {
			isa = XCBuildConfiguration;
			buildSettings = {
				INFOPLIST_FILE = SuperCoolUITests/Info.plist;
				LD_RUNPATH_SEARCH_PATHS = "$(inherited) @executable_path/Frameworks @loader_path/Frameworks";
				PRODUCT_BUNDLE_IDENTIFIER = co.dcalderonv.SuperCoolUITests;
				PRODUCT_NAME = "$(TARGET_NAME)";
				TEST_TARGET_NAME = SuperCool;
				USES_XCTRUNNER = YES;
			};
			name = Release;
		};
/* End XCBuildConfiguration section */

/* Begin XCConfigurationList section */
		652E3F3F1BEF8ED500514B90 /* Build configuration list for PBXProject "SuperCool" */ = {
			isa = XCConfigurationList;
			buildConfigurations = (
				652E3F6A1BEF8ED500514B90 /* Debug */,
				652E3F6B1BEF8ED500514B90 /* Release */,
			);
			defaultConfigurationIsVisible = 0;
			defaultConfigurationName = Release;
		};
		652E3F6C1BEF8ED500514B90 /* Build configuration list for PBXNativeTarget "SuperCool" */ = {
			isa = XCConfigurationList;
			buildConfigurations = (
				652E3F6D1BEF8ED500514B90 /* Debug */,
				652E3F6E1BEF8ED500514B90 /* Release */,
			);
			defaultConfigurationIsVisible = 0;
		};
		652E3F6F1BEF8ED500514B90 /* Build configuration list for PBXNativeTarget "SuperCoolTests" */ = {
			isa = XCConfigurationList;
			buildConfigurations = (
				652E3F701BEF8ED500514B90 /* Debug */,
				652E3F711BEF8ED500514B90 /* Release */,
			);
			defaultConfigurationIsVisible = 0;
		};
		652E3F721BEF8ED500514B90 /* Build configuration list for PBXNativeTarget "SuperCoolUITests" */ = {
			isa = XCConfigurationList;
			buildConfigurations = (
				652E3F731BEF8ED500514B90 /* Debug */,
				652E3F741BEF8ED500514B90 /* Release */,
			);
			defaultConfigurationIsVisible = 0;
		};
/* End XCConfigurationList section */
	};
	rootObject = 652E3F3C1BEF8ED500514B90 /* Project object */;
}
